
Microsoft Visual Studio Solution File, Format Version 12.00
# Visual Studio Version 16
VisualStudioVersion = 25.0.1700.0
MinimumVisualStudioVersion = 10.0.40219.1
Project("{FAE04EC0-301F-11D3-BF4B-00C04F79EFBC}") = "simpleapp.Android", "simpleapp\simpleapp.Android\simpleapp.Android.csproj", "{31E6A1A9-5A29-4074-B342-4BB411887843}"
EndProject
Project("{FAE04EC0-301F-11D3-BF4B-00C04F79EFBC}") = "simpleapp.iOS", "simpleapp\simpleapp.iOS\simpleapp.iOS.csproj", "{6285CADB-854A-4C0E-87F2-72E9EAA2FBC5}"
EndProject
Project("{FAE04EC0-301F-11D3-BF4B-00C04F79EFBC}") = "simpleapp", "simpleapp\simpleapp\simpleapp.csproj", "{888E4623-5AA7-4944-932F-B72154304706}"
EndProject
Global
	GlobalSection(SolutionConfigurationPlatforms) = preSolution
		Debug|Any CPU = Debug|Any CPU
		Release|Any CPU = Release|Any CPU
		Debug|iPhoneSimulator = Debug|iPhoneSimulator
		Release|iPhoneSimulator = Release|iPhoneSimulator
		Debug|iPhone = Debug|iPhone
		Release|iPhone = Release|iPhone
	EndGlobalSection
	GlobalSection(ProjectConfigurationPlatforms) = postSolution
		{31E6A1A9-5A29-4074-B342-4BB411887843}.Debug|Any CPU.ActiveCfg = Debug|Any CPU
		{31E6A1A9-5A29-4074-B342-4BB411887843}.Debug|Any CPU.Build.0 = Debug|Any CPU
		{31E6A1A9-5A29-4074-B342-4BB411887843}.Release|Any CPU.ActiveCfg = Release|Any CPU
		{31E6A1A9-5A29-4074-B342-4BB411887843}.Release|Any CPU.Build.0 = Release|Any CPU
		{31E6A1A9-5A29-4074-B342-4BB411887843}.Debug|iPhoneSimulator.ActiveCfg = Debug|Any CPU
		{31E6A1A9-5A29-4074-B342-4BB411887843}.Debug|iPhoneSimulator.Build.0 = Debug|Any CPU
		{31E6A1A9-5A29-4074-B342-4BB411887843}.Release|iPhoneSimulator.ActiveCfg = Release|Any CPU
		{31E6A1A9-5A29-4074-B342-4BB411887843}.Release|iPhoneSimulator.Build.0 = Release|Any CPU
		{31E6A1A9-5A29-4074-B342-4BB411887843}.Debug|iPhone.ActiveCfg = Debug|Any CPU
		{31E6A1A9-5A29-4074-B342-4BB411887843}.Debug|iPhone.Build.0 = Debug|Any CPU
		{31E6A1A9-5A29-4074-B342-4BB411887843}.Release|iPhone.ActiveCfg = Release|Any CPU
		{31E6A1A9-5A29-4074-B342-4BB411887843}.Release|iPhone.Build.0 = Release|Any CPU
		{6285CADB-854A-4C0E-87F2-72E9EAA2FBC5}.Debug|Any CPU.ActiveCfg = Debug|iPhoneSimulator
		{6285CADB-854A-4C0E-87F2-72E9EAA2FBC5}.Debug|Any CPU.Build.0 = Debug|iPhoneSimulator
		{6285CADB-854A-4C0E-87F2-72E9EAA2FBC5}.Release|Any CPU.ActiveCfg = Release|iPhoneSimulator
		{6285CADB-854A-4C0E-87F2-72E9EAA2FBC5}.Release|Any CPU.Build.0 = Release|iPhoneSimulator
		{6285CADB-854A-4C0E-87F2-72E9EAA2FBC5}.Debug|iPhoneSimulator.ActiveCfg = Debug|iPhoneSimulator
		{6285CADB-854A-4C0E-87F2-72E9EAA2FBC5}.Debug|iPhoneSimulator.Build.0 = Debug|iPhoneSimulator
		{6285CADB-854A-4C0E-87F2-72E9EAA2FBC5}.Release|iPhoneSimulator.ActiveCfg = Release|iPhoneSimulator
		{6285CADB-854A-4C0E-87F2-72E9EAA2FBC5}.Release|iPhoneSimulator.Build.0 = Release|iPhoneSimulator
		{6285CADB-854A-4C0E-87F2-72E9EAA2FBC5}.Debug|iPhone.ActiveCfg = Debug|iPhone
		{6285CADB-854A-4C0E-87F2-72E9EAA2FBC5}.Debug|iPhone.Build.0 = Debug|iPhone
		{6285CADB-854A-4C0E-87F2-72E9EAA2FBC5}.Release|iPhone.ActiveCfg = Release|iPhone
		{6285CADB-854A-4C0E-87F2-72E9EAA2FBC5}.Release|iPhone.Build.0 = Release|iPhone
		{888E4623-5AA7-4944-932F-B72154304706}.Debug|Any CPU.ActiveCfg = Debug|Any CPU
		{888E4623-5AA7-4944-932F-B72154304706}.Debug|Any CPU.Build.0 = Debug|Any CPU
		{888E4623-5AA7-4944-932F-B72154304706}.Release|Any CPU.ActiveCfg = Release|Any CPU
		{888E4623-5AA7-4944-932F-B72154304706}.Release|Any CPU.Build.0 = Release|Any CPU
		{888E4623-5AA7-4944-932F-B72154304706}.Debug|iPhoneSimulator.ActiveCfg = Debug|Any CPU
		{888E4623-5AA7-4944-932F-B72154304706}.Debug|iPhoneSimulator.Build.0 = Debug|Any CPU
		{888E4623-5AA7-4944-932F-B72154304706}.Release|iPhoneSimulator.ActiveCfg = Release|Any CPU
		{888E4623-5AA7-4944-932F-B72154304706}.Release|iPhoneSimulator.Build.0 = Release|Any CPU
		{888E4623-5AA7-4944-932F-B72154304706}.Debug|iPhone.ActiveCfg = Debug|Any CPU
		{888E4623-5AA7-4944-932F-B72154304706}.Debug|iPhone.Build.0 = Debug|Any CPU
		{888E4623-5AA7-4944-932F-B72154304706}.Release|iPhone.ActiveCfg = Release|Any CPU
		{888E4623-5AA7-4944-932F-B72154304706}.Release|iPhone.Build.0 = Release|Any CPU
	EndGlobalSection
	GlobalSection(SolutionProperties) = preSolution
		HideSolutionNode = FALSE
	EndGlobalSection
	GlobalSection(ExtensibilityGlobals) = postSolution
		SolutionGuid = {F5AD7AA7-B184-4002-A5B2-7E9795F5291A}
	EndGlobalSection
EndGlobal
